{
  "name": "get-subdomains",
  "version": "0.1.1",
  "lockfileVersion": 3,
  "requires": true,
  "packages": {
    "": {
      "name": "get-subdomains",
      "version": "0.1.1",
      "dependencies": {
        "citty": "0.1.6",
        "yocto-spinner": "0.2.0"
      },
      "bin": {
        "get-subdomains": "index.js"
      }
    },
    "node_modules/citty": {
      "version": "0.1.6",
      "license": "MIT",
      "dependencies": {
        "consola": "^3.2.3"
      }
    },
    "node_modules/consola": {
      "version": "3.4.0",
      "license": "MIT",
      "engines": {
        "node": "^14.18.0 || >=16.10.0"
      }
    },
    "node_modules/yocto-spinner": {
      "version": "0.2.0",
      "license": "MIT",
      "dependencies": {
        "yoctocolors": "^2.1.1"
      },
      "engines": {
        "node": ">=18.19"
      },
      "funding": {
        "url": "https://github.com/sponsors/sindresorhus"
      }
    },
    "node_modules/yoctocolors": {
      "version": "2.1.1",
      "license": "MIT",
      "engines": {
        "node": ">=18"
      },
      "funding": {
        "url": "https://github.com/sponsors/sindresorhus"
      }
    }
  }
}
